
Microsoft Visual Studio Solution File, Format Version 12.00
# Visual Studio 2013
VisualStudioVersion = 12.0.31101.0
MinimumVisualStudioVersion = 10.0.40219.1
Project("{2150E333-8FDC-42A3-9474-1A3956D46DE8}") = "Engine", "Engine", "{8493FE79-D608-46EB-9526-3EFFF38DA5B5}"
EndProject
Project("{2150E333-8FDC-42A3-9474-1A3956D46DE8}") = "Games", "Games", "{2732C8B8-7E39-40D6-8F29-939443BA4883}"
EndProject
Project("{8BC9CEB8-8B4A-11D0-8D11-00A0C91BC942}") = "GoNoGo", "Intermediate\ProjectFiles\GoNoGo.vcxproj", "{1583CE25-3EB2-47CD-BF2C-32F0EA099980}"
EndProject
Project("{8BC9CEB8-8B4A-11D0-8D11-00A0C91BC942}") = "UE4", "Intermediate\ProjectFiles\UE4.vcxproj", "{C6868586-9F75-491E-B287-F15351220BC7}"
EndProject
Global
	GlobalSection(SolutionConfigurationPlatforms) = preSolution
		DebugGame Editor|Android = DebugGame Editor|Android
		DebugGame Editor|Windows = DebugGame Editor|Windows
		DebugGame|Android = DebugGame|Android
		DebugGame|Windows = DebugGame|Windows
		Development Editor|Android = Development Editor|Android
		Development Editor|Windows = Development Editor|Windows
		Development|Android = Development|Android
		Development|Windows = Development|Windows
		Shipping|Android = Shipping|Android
		Shipping|Windows = Shipping|Windows
	EndGlobalSection
	GlobalSection(ProjectConfigurationPlatforms) = postSolution
		{1583CE25-3EB2-47CD-BF2C-32F0EA099980}.DebugGame Editor|Android.ActiveCfg = Development_Game|x64
		{1583CE25-3EB2-47CD-BF2C-32F0EA099980}.DebugGame Editor|Windows.ActiveCfg = DebugGame_Editor|x64
		{1583CE25-3EB2-47CD-BF2C-32F0EA099980}.DebugGame Editor|Windows.Build.0 = DebugGame_Editor|x64
		{1583CE25-3EB2-47CD-BF2C-32F0EA099980}.DebugGame|Android.ActiveCfg = DebugGame_Game|Tegra-Android
		{1583CE25-3EB2-47CD-BF2C-32F0EA099980}.DebugGame|Android.Build.0 = DebugGame_Game|Tegra-Android
		{1583CE25-3EB2-47CD-BF2C-32F0EA099980}.DebugGame|Windows.ActiveCfg = DebugGame_Game|x64
		{1583CE25-3EB2-47CD-BF2C-32F0EA099980}.DebugGame|Windows.Build.0 = DebugGame_Game|x64
		{1583CE25-3EB2-47CD-BF2C-32F0EA099980}.Development Editor|Android.ActiveCfg = Development_Game|x64
		{1583CE25-3EB2-47CD-BF2C-32F0EA099980}.Development Editor|Windows.ActiveCfg = Development_Editor|x64
		{1583CE25-3EB2-47CD-BF2C-32F0EA099980}.Development Editor|Windows.Build.0 = Development_Editor|x64
		{1583CE25-3EB2-47CD-BF2C-32F0EA099980}.Development|Android.ActiveCfg = Development_Game|Tegra-Android
		{1583CE25-3EB2-47CD-BF2C-32F0EA099980}.Development|Android.Build.0 = Development_Game|Tegra-Android
		{1583CE25-3EB2-47CD-BF2C-32F0EA099980}.Development|Windows.ActiveCfg = Development_Game|x64
		{1583CE25-3EB2-47CD-BF2C-32F0EA099980}.Development|Windows.Build.0 = Development_Game|x64
		{1583CE25-3EB2-47CD-BF2C-32F0EA099980}.Shipping|Android.ActiveCfg = Shipping_Game|Tegra-Android
		{1583CE25-3EB2-47CD-BF2C-32F0EA099980}.Shipping|Android.Build.0 = Shipping_Game|Tegra-Android
		{1583CE25-3EB2-47CD-BF2C-32F0EA099980}.Shipping|Windows.ActiveCfg = Shipping_Game|Win32
		{1583CE25-3EB2-47CD-BF2C-32F0EA099980}.Shipping|Windows.Build.0 = Shipping_Game|Win32
		{C6868586-9F75-491E-B287-F15351220BC7}.DebugGame Editor|Android.ActiveCfg = BuiltWithUnrealBuildTool|Win32
		{C6868586-9F75-491E-B287-F15351220BC7}.DebugGame Editor|Windows.ActiveCfg = BuiltWithUnrealBuildTool|Win32
		{C6868586-9F75-491E-B287-F15351220BC7}.DebugGame|Android.ActiveCfg = BuiltWithUnrealBuildTool|Win32
		{C6868586-9F75-491E-B287-F15351220BC7}.DebugGame|Windows.ActiveCfg = BuiltWithUnrealBuildTool|Win32
		{C6868586-9F75-491E-B287-F15351220BC7}.Development Editor|Android.ActiveCfg = BuiltWithUnrealBuildTool|Win32
		{C6868586-9F75-491E-B287-F15351220BC7}.Development Editor|Windows.ActiveCfg = BuiltWithUnrealBuildTool|Win32
		{C6868586-9F75-491E-B287-F15351220BC7}.Development|Android.ActiveCfg = BuiltWithUnrealBuildTool|Win32
		{C6868586-9F75-491E-B287-F15351220BC7}.Development|Windows.ActiveCfg = BuiltWithUnrealBuildTool|Win32
		{C6868586-9F75-491E-B287-F15351220BC7}.Shipping|Android.ActiveCfg = BuiltWithUnrealBuildTool|Win32
		{C6868586-9F75-491E-B287-F15351220BC7}.Shipping|Windows.ActiveCfg = BuiltWithUnrealBuildTool|Win32
	EndGlobalSection
	GlobalSection(SolutionProperties) = preSolution
		HideSolutionNode = FALSE
	EndGlobalSection
	GlobalSection(NestedProjects) = preSolution
		{1583CE25-3EB2-47CD-BF2C-32F0EA099980} = {2732C8B8-7E39-40D6-8F29-939443BA4883}
		{C6868586-9F75-491E-B287-F15351220BC7} = {8493FE79-D608-46EB-9526-3EFFF38DA5B5}
	EndGlobalSection
EndGlobal
